
Microsoft Visual Studio Solution File, Format Version 12.00
# Visual Studio Version 16
VisualStudioVersion = 16.0.30503.244
MinimumVisualStudioVersion = 10.0.40219.1
Project("{FAE04EC0-301F-11D3-BF4B-00C04F79EFBC}") = "FirstApp", "FirstApp\FirstApp.csproj", "{201EBE53-BEB1-4337-A4B7-8A219854E7B4}"
EndProject
Project("{FAE04EC0-301F-11D3-BF4B-00C04F79EFBC}") = "Data", "Data\Data.csproj", "{84C8B934-0231-4FAF-B984-9126F086A30D}"
EndProject
Global
	GlobalSection(SolutionConfigurationPlatforms) = preSolution
		Debug|Any CPU = Debug|Any CPU
		Release|Any CPU = Release|Any CPU
	EndGlobalSection
	GlobalSection(ProjectConfigurationPlatforms) = postSolution
		{201EBE53-BEB1-4337-A4B7-8A219854E7B4}.Debug|Any CPU.ActiveCfg = Debug|Any CPU
		{201EBE53-BEB1-4337-A4B7-8A219854E7B4}.Debug|Any CPU.Build.0 = Debug|Any CPU
		{201EBE53-BEB1-4337-A4B7-8A219854E7B4}.Release|Any CPU.ActiveCfg = Release|Any CPU
		{201EBE53-BEB1-4337-A4B7-8A219854E7B4}.Release|Any CPU.Build.0 = Release|Any CPU
		{84C8B934-0231-4FAF-B984-9126F086A30D}.Debug|Any CPU.ActiveCfg = Debug|Any CPU
		{84C8B934-0231-4FAF-B984-9126F086A30D}.Debug|Any CPU.Build.0 = Debug|Any CPU
		{84C8B934-0231-4FAF-B984-9126F086A30D}.Release|Any CPU.ActiveCfg = Release|Any CPU
		{84C8B934-0231-4FAF-B984-9126F086A30D}.Release|Any CPU.Build.0 = Release|Any CPU
	EndGlobalSection
	GlobalSection(SolutionProperties) = preSolution
		HideSolutionNode = FALSE
	EndGlobalSection
	GlobalSection(ExtensibilityGlobals) = postSolution
		SolutionGuid = {C418D4FD-9475-442E-9DF3-9AA32C583802}
	EndGlobalSection
EndGlobal
